
Microsoft Visual Studio Solution File, Format Version 12.00
# Visual Studio Version 17
VisualStudioVersion = 17.9.34728.123
MinimumVisualStudioVersion = 10.0.40219.1
Project("{FAE04EC0-301F-11D3-BF4B-00C04F79EFBC}") = "MEDICINE.WEB", "MEDICINE.WEB.csproj", "{6BEE2B19-D099-4CEF-8AC2-AFA78940B09D}"
EndProject
Project("{FAE04EC0-301F-11D3-BF4B-00C04F79EFBC}") = "MEDICINE.API", "..\MEDICINE.API\MEDICINE.API.csproj", "{5752C08D-C94A-45D8-9D5F-E2F380164288}"
EndProject
Project("{FAE04EC0-301F-11D3-BF4B-00C04F79EFBC}") = "MEDICINE.BAL", "..\MEDICINE.BAL\MEDICINE.BAL.csproj", "{D0340B2D-F0E8-42CF-AB6A-D7DB084AB40E}"
EndProject
Project("{FAE04EC0-301F-11D3-BF4B-00C04F79EFBC}") = "MEDICINE.DAL", "..\MEDICINE.DAL\MEDICINE.DAL.csproj", "{1E7E011B-9622-4E12-BA1D-DCA489C65C4F}"
EndProject
Project("{FAE04EC0-301F-11D3-BF4B-00C04F79EFBC}") = "MEDICINE.MODEL", "..\MEDICINE.MODEL\MEDICINE.MODEL.csproj", "{885BDDE9-77B7-4B64-98FE-93C37DC1E352}"
EndProject
Project("{FAE04EC0-301F-11D3-BF4B-00C04F79EFBC}") = "MEDICINE.COMMON", "..\MEDICINE.COMMON\MEDICINE.COMMON.csproj", "{F93FCB7D-4ABE-4054-8ED2-C2777E9051C0}"
EndProject
Project("{FAE04EC0-301F-11D3-BF4B-00C04F79EFBC}") = "MEDICINE.REPOSITORY", "..\MEDICINE.REPOSITORY\MEDICINE.REPOSITORY.csproj", "{E4F3DC8A-3524-41F4-B046-C3176AED3375}"
EndProject
Global
	GlobalSection(SolutionConfigurationPlatforms) = preSolution
		Debug|Any CPU = Debug|Any CPU
		Release|Any CPU = Release|Any CPU
	EndGlobalSection
	GlobalSection(ProjectConfigurationPlatforms) = postSolution
		{6BEE2B19-D099-4CEF-8AC2-AFA78940B09D}.Debug|Any CPU.ActiveCfg = Debug|Any CPU
		{6BEE2B19-D099-4CEF-8AC2-AFA78940B09D}.Debug|Any CPU.Build.0 = Debug|Any CPU
		{6BEE2B19-D099-4CEF-8AC2-AFA78940B09D}.Release|Any CPU.ActiveCfg = Release|Any CPU
		{6BEE2B19-D099-4CEF-8AC2-AFA78940B09D}.Release|Any CPU.Build.0 = Release|Any CPU
		{5752C08D-C94A-45D8-9D5F-E2F380164288}.Debug|Any CPU.ActiveCfg = Debug|Any CPU
		{5752C08D-C94A-45D8-9D5F-E2F380164288}.Debug|Any CPU.Build.0 = Debug|Any CPU
		{5752C08D-C94A-45D8-9D5F-E2F380164288}.Release|Any CPU.ActiveCfg = Release|Any CPU
		{5752C08D-C94A-45D8-9D5F-E2F380164288}.Release|Any CPU.Build.0 = Release|Any CPU
		{D0340B2D-F0E8-42CF-AB6A-D7DB084AB40E}.Debug|Any CPU.ActiveCfg = Debug|Any CPU
		{D0340B2D-F0E8-42CF-AB6A-D7DB084AB40E}.Debug|Any CPU.Build.0 = Debug|Any CPU
		{D0340B2D-F0E8-42CF-AB6A-D7DB084AB40E}.Release|Any CPU.ActiveCfg = Release|Any CPU
		{D0340B2D-F0E8-42CF-AB6A-D7DB084AB40E}.Release|Any CPU.Build.0 = Release|Any CPU
		{1E7E011B-9622-4E12-BA1D-DCA489C65C4F}.Debug|Any CPU.ActiveCfg = Debug|Any CPU
		{1E7E011B-9622-4E12-BA1D-DCA489C65C4F}.Debug|Any CPU.Build.0 = Debug|Any CPU
		{1E7E011B-9622-4E12-BA1D-DCA489C65C4F}.Release|Any CPU.ActiveCfg = Release|Any CPU
		{1E7E011B-9622-4E12-BA1D-DCA489C65C4F}.Release|Any CPU.Build.0 = Release|Any CPU
		{885BDDE9-77B7-4B64-98FE-93C37DC1E352}.Debug|Any CPU.ActiveCfg = Debug|Any CPU
		{885BDDE9-77B7-4B64-98FE-93C37DC1E352}.Debug|Any CPU.Build.0 = Debug|Any CPU
		{885BDDE9-77B7-4B64-98FE-93C37DC1E352}.Release|Any CPU.ActiveCfg = Release|Any CPU
		{885BDDE9-77B7-4B64-98FE-93C37DC1E352}.Release|Any CPU.Build.0 = Release|Any CPU
		{F93FCB7D-4ABE-4054-8ED2-C2777E9051C0}.Debug|Any CPU.ActiveCfg = Debug|Any CPU
		{F93FCB7D-4ABE-4054-8ED2-C2777E9051C0}.Debug|Any CPU.Build.0 = Debug|Any CPU
		{F93FCB7D-4ABE-4054-8ED2-C2777E9051C0}.Release|Any CPU.ActiveCfg = Release|Any CPU
		{F93FCB7D-4ABE-4054-8ED2-C2777E9051C0}.Release|Any CPU.Build.0 = Release|Any CPU
		{E4F3DC8A-3524-41F4-B046-C3176AED3375}.Debug|Any CPU.ActiveCfg = Debug|Any CPU
		{E4F3DC8A-3524-41F4-B046-C3176AED3375}.Debug|Any CPU.Build.0 = Debug|Any CPU
		{E4F3DC8A-3524-41F4-B046-C3176AED3375}.Release|Any CPU.ActiveCfg = Release|Any CPU
		{E4F3DC8A-3524-41F4-B046-C3176AED3375}.Release|Any CPU.Build.0 = Release|Any CPU
	EndGlobalSection
	GlobalSection(SolutionProperties) = preSolution
		HideSolutionNode = FALSE
	EndGlobalSection
	GlobalSection(ExtensibilityGlobals) = postSolution
		SolutionGuid = {AF483BA9-F3F5-4A78-96C7-4219FA58FF10}
	EndGlobalSection
EndGlobal
